<?xml version="1.0" encoding="utf-8"?>
<Project ToolsVersion="4.0" xmlns="http://schemas.microsoft.com/developer/msbuild/2003">
  <ItemGroup>
    <ClCompile Include="main.cpp" />
  </ItemGroup>
  <ItemGroup>
    <ClInclude Include="hash.hpp" />
    <ClInclude Include="spinlock.hpp" />
    <ClInclude Include="windef.hpp" />
    <ClInclude Include="kernel_context.hpp" />
    <ClInclude Include="inline_util.hpp" />
    <ClInclude Include="stack_string.hpp" />
    <ClInclude Include="ext_traits.hpp" />
  </ItemGroup>
</Project>